
Microsoft Visual Studio Solution File, Format Version 12.00
# Visual Studio 15
VisualStudioVersion = 15.0.27004.2006
MinimumVisualStudioVersion = 10.0.40219.1
Project("{FAE04EC0-301F-11D3-BF4B-00C04F79EFBC}") = "CBSProjeTasarimTest", "CBSProjeTasarimTest\CBSProjeTasarimTest.csproj", "{D7CBC5FB-3D21-4F50-A5C4-3218B1F800A4}"
EndProject
Project("{FAE04EC0-301F-11D3-BF4B-00C04F79EFBC}") = "DatabaseSession", "DatabaseSession\DatabaseSession.csproj", "{ABD5C860-A104-489E-ADD7-CD459FA87359}"
EndProject
Global
	GlobalSection(SolutionConfigurationPlatforms) = preSolution
		Debug|Any CPU = Debug|Any CPU
		Release|Any CPU = Release|Any CPU
	EndGlobalSection
	GlobalSection(ProjectConfigurationPlatforms) = postSolution
		{D7CBC5FB-3D21-4F50-A5C4-3218B1F800A4}.Debug|Any CPU.ActiveCfg = Debug|Any CPU
		{D7CBC5FB-3D21-4F50-A5C4-3218B1F800A4}.Debug|Any CPU.Build.0 = Debug|Any CPU
		{D7CBC5FB-3D21-4F50-A5C4-3218B1F800A4}.Release|Any CPU.ActiveCfg = Release|Any CPU
		{D7CBC5FB-3D21-4F50-A5C4-3218B1F800A4}.Release|Any CPU.Build.0 = Release|Any CPU
		{ABD5C860-A104-489E-ADD7-CD459FA87359}.Debug|Any CPU.ActiveCfg = Debug|Any CPU
		{ABD5C860-A104-489E-ADD7-CD459FA87359}.Debug|Any CPU.Build.0 = Debug|Any CPU
		{ABD5C860-A104-489E-ADD7-CD459FA87359}.Release|Any CPU.ActiveCfg = Release|Any CPU
		{ABD5C860-A104-489E-ADD7-CD459FA87359}.Release|Any CPU.Build.0 = Release|Any CPU
	EndGlobalSection
	GlobalSection(SolutionProperties) = preSolution
		HideSolutionNode = FALSE
	EndGlobalSection
	GlobalSection(ExtensibilityGlobals) = postSolution
		SolutionGuid = {BB04B3DA-B42C-44F5-AAA9-EA8DB1C9FF50}
	EndGlobalSection
EndGlobal
